
Microsoft Visual Studio Solution File, Format Version 12.00
# Visual Studio Version 17
VisualStudioVersion = 17.9.34728.123
MinimumVisualStudioVersion = 10.0.40219.1
Project("{FAE04EC0-301F-11D3-BF4B-00C04F79EFBC}") = "PCCO104L.Activity.8", "PCCO104L.Activity.8\PCCO104L.Activity.8.csproj", "{F4611FCD-3645-441B-902C-B0D7DD420530}"
EndProject
Global
	GlobalSection(SolutionConfigurationPlatforms) = preSolution
		Debug|Any CPU = Debug|Any CPU
		Release|Any CPU = Release|Any CPU
	EndGlobalSection
	GlobalSection(ProjectConfigurationPlatforms) = postSolution
		{F4611FCD-3645-441B-902C-B0D7DD420530}.Debug|Any CPU.ActiveCfg = Debug|Any CPU
		{F4611FCD-3645-441B-902C-B0D7DD420530}.Debug|Any CPU.Build.0 = Debug|Any CPU
		{F4611FCD-3645-441B-902C-B0D7DD420530}.Release|Any CPU.ActiveCfg = Release|Any CPU
		{F4611FCD-3645-441B-902C-B0D7DD420530}.Release|Any CPU.Build.0 = Release|Any CPU
	EndGlobalSection
	GlobalSection(SolutionProperties) = preSolution
		HideSolutionNode = FALSE
	EndGlobalSection
	GlobalSection(ExtensibilityGlobals) = postSolution
		SolutionGuid = {B5D6EEC7-A5B5-4BFB-A66E-3688A968ACF3}
	EndGlobalSection
EndGlobal
